
Microsoft Visual Studio Solution File, Format Version 12.00
# Visual Studio Version 17
VisualStudioVersion = 17.9.34728.123
MinimumVisualStudioVersion = 10.0.40219.1
Project("{FAE04EC0-301F-11D3-BF4B-00C04F79EFBC}") = "GamePacman", "GamePacman.csproj", "{3D39558B-E2EB-4828-A35D-076FD175B1CE}"
EndProject
Global
	GlobalSection(SolutionConfigurationPlatforms) = preSolution
		Debug|Any CPU = Debug|Any CPU
		Release|Any CPU = Release|Any CPU
	EndGlobalSection
	GlobalSection(ProjectConfigurationPlatforms) = postSolution
		{3D39558B-E2EB-4828-A35D-076FD175B1CE}.Debug|Any CPU.ActiveCfg = Debug|Any CPU
		{3D39558B-E2EB-4828-A35D-076FD175B1CE}.Debug|Any CPU.Build.0 = Debug|Any CPU
		{3D39558B-E2EB-4828-A35D-076FD175B1CE}.Release|Any CPU.ActiveCfg = Release|Any CPU
		{3D39558B-E2EB-4828-A35D-076FD175B1CE}.Release|Any CPU.Build.0 = Release|Any CPU
	EndGlobalSection
	GlobalSection(SolutionProperties) = preSolution
		HideSolutionNode = FALSE
	EndGlobalSection
	GlobalSection(ExtensibilityGlobals) = postSolution
		SolutionGuid = {E3910A7B-F9AD-4F99-8AFE-6416A0D7DE4A}
	EndGlobalSection
EndGlobal
